// !$*UTF8*$!
{
	archiveVersion = 1;
	classes = {
	};
	objectVersion = 77;
	objects = {

/* Begin PBXBuildFile section */
		0B66011609E7165338AE3A05 /* TaskInputView.swift in Sources */ = {isa = PBXBuildFile; fileRef = ED20B1501A3E281B15DBFCFF /* TaskInputView.swift */; };
		13E99D75CA1AC62DC4BB4257 /* CarryOverView.swift in Sources */ = {isa = PBXBuildFile; fileRef = 06AABE72CD25B05DE8CC3E77 /* CarryOverView.swift */; };
		37AABBF9930A6E14268624FF /* TaskRowView.swift in Sources */ = {isa = PBXBuildFile; fileRef = 14CD3CC4493B5F3587FCCAA8 /* TaskRowView.swift */; };
		3CDADF7F0E8CF5D819573198 /* TempoApp.swift in Sources */ = {isa = PBXBuildFile; fileRef = DE37B2DC31D748FD529F6B6B /* TempoApp.swift */; };
		462D5D7295CA9A9303D1BCF7 /* HeaderView.swift in Sources */ = {isa = PBXBuildFile; fileRef = 2203F65EE7F7D28718ED083D /* HeaderView.swift */; };
		5B63DB23A4BD12A0D9CBB010 /* CalendarPickerView.swift in Sources */ = {isa = PBXBuildFile; fileRef = 109CAED1D82A4C6F28D7630C /* CalendarPickerView.swift */; };
		772AC2B2FE92635DEC46E68A /* DragState.swift in Sources */ = {isa = PBXBuildFile; fileRef = 87E70BF6EE8FE5C97BAA2D3E /* DragState.swift */; };
		782C68FA007C802DA5C6E2E8 /* MenuBarLabel.swift in Sources */ = {isa = PBXBuildFile; fileRef = 9B41A8A496769984C16F6187 /* MenuBarLabel.swift */; };
		78D431FC734932DC2397F4AB /* Assets.xcassets in Resources */ = {isa = PBXBuildFile; fileRef = 19BD6B0F4B6E8C72E51A9764 /* Assets.xcassets */; };
		7BDF3C1515001127EA7BAFEF /* NotificationManager.swift in Sources */ = {isa = PBXBuildFile; fileRef = D16D5886BBADDDE3EF6923DC /* NotificationManager.swift */; };
		8923F7801F2DED72586F94A9 /* AboutView.swift in Sources */ = {isa = PBXBuildFile; fileRef = 90F8AD535EBB5E850B28F012 /* AboutView.swift */; };
		95AD493D5AD90E55037A7B41 /* AppCalendar.swift in Sources */ = {isa = PBXBuildFile; fileRef = 056CBB50A6F5A50D612C0FA4 /* AppCalendar.swift */; };
		A03A14D54316E5C4BA64D49F /* TodoTask.swift in Sources */ = {isa = PBXBuildFile; fileRef = EB420C4F8FA6CD65C40F4CD0 /* TodoTask.swift */; };
		CA233CBE7F4455308C89D79B /* StatusBarController.swift in Sources */ = {isa = PBXBuildFile; fileRef = 4395E5715D349B4AFE0FDDB5 /* StatusBarController.swift */; };
		D36AB93C77028EC525153FF4 /* TimerManager.swift in Sources */ = {isa = PBXBuildFile; fileRef = 274E228A75DFAA026D96512D /* TimerManager.swift */; };
		D5B44621312530E860B4D400 /* TaskService.swift in Sources */ = {isa = PBXBuildFile; fileRef = BB0B0BC89B2BB014E7043B6C /* TaskService.swift */; };
		DAEE893F0621D3AE08D2BCA3 /* MenuContentView.swift in Sources */ = {isa = PBXBuildFile; fileRef = C0AC288B47ED4D74D7346E7E /* MenuContentView.swift */; };
/* End PBXBuildFile section */

/* Begin PBXFileReference section */
		056CBB50A6F5A50D612C0FA4 /* AppCalendar.swift */ = {isa = PBXFileReference; lastKnownFileType = sourcecode.swift; path = AppCalendar.swift; sourceTree = "<group>"; };
		06AABE72CD25B05DE8CC3E77 /* CarryOverView.swift */ = {isa = PBXFileReference; lastKnownFileType = sourcecode.swift; path = CarryOverView.swift; sourceTree = "<group>"; };
		109CAED1D82A4C6F28D7630C /* CalendarPickerView.swift */ = {isa = PBXFileReference; lastKnownFileType = sourcecode.swift; path = CalendarPickerView.swift; sourceTree = "<group>"; };
		14CD3CC4493B5F3587FCCAA8 /* TaskRowView.swift */ = {isa = PBXFileReference; lastKnownFileType = sourcecode.swift; path = TaskRowView.swift; sourceTree = "<group>"; };
		19BD6B0F4B6E8C72E51A9764 /* Assets.xcassets */ = {isa = PBXFileReference; lastKnownFileType = folder.assetcatalog; path = Assets.xcassets; sourceTree = "<group>"; };
		2203F65EE7F7D28718ED083D /* HeaderView.swift */ = {isa = PBXFileReference; lastKnownFileType = sourcecode.swift; path = HeaderView.swift; sourceTree = "<group>"; };
		270B87214C8958180521CF6C /* Info.plist */ = {isa = PBXFileReference; lastKnownFileType = text.plist; path = Info.plist; sourceTree = "<group>"; };
		274E228A75DFAA026D96512D /* TimerManager.swift */ = {isa = PBXFileReference; lastKnownFileType = sourcecode.swift; path = TimerManager.swift; sourceTree = "<group>"; };
		4395E5715D349B4AFE0FDDB5 /* StatusBarController.swift */ = {isa = PBXFileReference; lastKnownFileType = sourcecode.swift; path = StatusBarController.swift; sourceTree = "<group>"; };
		87E70BF6EE8FE5C97BAA2D3E /* DragState.swift */ = {isa = PBXFileReference; lastKnownFileType = sourcecode.swift; path = DragState.swift; sourceTree = "<group>"; };
		90F8AD535EBB5E850B28F012 /* AboutView.swift */ = {isa = PBXFileReference; lastKnownFileType = sourcecode.swift; path = AboutView.swift; sourceTree = "<group>"; };
		9B41A8A496769984C16F6187 /* MenuBarLabel.swift */ = {isa = PBXFileReference; lastKnownFileType = sourcecode.swift; path = MenuBarLabel.swift; sourceTree = "<group>"; };
		AE6263597B3354C508BBC7D4 /* Tempo.app */ = {isa = PBXFileReference; explicitFileType = wrapper.application; includeInIndex = 0; path = Tempo.app; sourceTree = BUILT_PRODUCTS_DIR; };
		BB0B0BC89B2BB014E7043B6C /* TaskService.swift */ = {isa = PBXFileReference; lastKnownFileType = sourcecode.swift; path = TaskService.swift; sourceTree = "<group>"; };
		C0AC288B47ED4D74D7346E7E /* MenuContentView.swift */ = {isa = PBXFileReference; lastKnownFileType = sourcecode.swift; path = MenuContentView.swift; sourceTree = "<group>"; };
		D16D5886BBADDDE3EF6923DC /* NotificationManager.swift */ = {isa = PBXFileReference; lastKnownFileType = sourcecode.swift; path = NotificationManager.swift; sourceTree = "<group>"; };
		DE37B2DC31D748FD529F6B6B /* TempoApp.swift */ = {isa = PBXFileReference; lastKnownFileType = sourcecode.swift; path = TempoApp.swift; sourceTree = "<group>"; };
		EB420C4F8FA6CD65C40F4CD0 /* TodoTask.swift */ = {isa = PBXFileReference; lastKnownFileType = sourcecode.swift; path = TodoTask.swift; sourceTree = "<group>"; };
		ED20B1501A3E281B15DBFCFF /* TaskInputView.swift */ = {isa = PBXFileReference; lastKnownFileType = sourcecode.swift; path = TaskInputView.swift; sourceTree = "<group>"; };
		F32F128E1D77765991B47C81 /* Tempo.entitlements */ = {isa = PBXFileReference; lastKnownFileType = text.plist.entitlements; path = Tempo.entitlements; sourceTree = "<group>"; };
/* End PBXFileReference section */

/* Begin PBXGroup section */
		0271089951DC7FF9C0B35A81 /* Services */ = {
			isa = PBXGroup;
			children = (
				056CBB50A6F5A50D612C0FA4 /* AppCalendar.swift */,
				87E70BF6EE8FE5C97BAA2D3E /* DragState.swift */,
				D16D5886BBADDDE3EF6923DC /* NotificationManager.swift */,
				4395E5715D349B4AFE0FDDB5 /* StatusBarController.swift */,
				BB0B0BC89B2BB014E7043B6C /* TaskService.swift */,
				274E228A75DFAA026D96512D /* TimerManager.swift */,
			);
			path = Services;
			sourceTree = "<group>";
		};
		551138FD8DA4B1DC4CE1CC90 /* Products */ = {
			isa = PBXGroup;
			children = (
				AE6263597B3354C508BBC7D4 /* Tempo.app */,
			);
			name = Products;
			sourceTree = "<group>";
		};
		93935E517C8A0946CFCF7B9D = {
			isa = PBXGroup;
			children = (
				93A5DFF654AA0B833311F529 /* Tempo */,
				551138FD8DA4B1DC4CE1CC90 /* Products */,
			);
			sourceTree = "<group>";
		};
		93A5DFF654AA0B833311F529 /* Tempo */ = {
			isa = PBXGroup;
			children = (
				19BD6B0F4B6E8C72E51A9764 /* Assets.xcassets */,
				270B87214C8958180521CF6C /* Info.plist */,
				F32F128E1D77765991B47C81 /* Tempo.entitlements */,
				DE37B2DC31D748FD529F6B6B /* TempoApp.swift */,
				ABBE21625EFB4A1FDCE539D7 /* Models */,
				0271089951DC7FF9C0B35A81 /* Services */,
				DBAD0BDBDA5FA9B5AA68E493 /* Views */,
			);
			path = Tempo;
			sourceTree = "<group>";
		};
		ABBE21625EFB4A1FDCE539D7 /* Models */ = {
			isa = PBXGroup;
			children = (
				EB420C4F8FA6CD65C40F4CD0 /* TodoTask.swift */,
			);
			path = Models;
			sourceTree = "<group>";
		};
		DBAD0BDBDA5FA9B5AA68E493 /* Views */ = {
			isa = PBXGroup;
			children = (
				90F8AD535EBB5E850B28F012 /* AboutView.swift */,
				109CAED1D82A4C6F28D7630C /* CalendarPickerView.swift */,
				06AABE72CD25B05DE8CC3E77 /* CarryOverView.swift */,
				2203F65EE7F7D28718ED083D /* HeaderView.swift */,
				9B41A8A496769984C16F6187 /* MenuBarLabel.swift */,
				C0AC288B47ED4D74D7346E7E /* MenuContentView.swift */,
				ED20B1501A3E281B15DBFCFF /* TaskInputView.swift */,
				14CD3CC4493B5F3587FCCAA8 /* TaskRowView.swift */,
			);
			path = Views;
			sourceTree = "<group>";
		};
/* End PBXGroup section */

/* Begin PBXNativeTarget section */
		B4B1ABCA42D941961C207402 /* Tempo */ = {
			isa = PBXNativeTarget;
			buildConfigurationList = 4FE7A9862C48352D13895373 /* Build configuration list for PBXNativeTarget "Tempo" */;
			buildPhases = (
				F8BECD3B83F1BDE402E1832A /* Sources */,
				99E67F85FA1E5FB50DAA3ABA /* Resources */,
			);
			buildRules = (
			);
			dependencies = (
			);
			name = Tempo;
			packageProductDependencies = (
			);
			productName = Tempo;
			productReference = AE6263597B3354C508BBC7D4 /* Tempo.app */;
			productType = "com.apple.product-type.application";
		};
/* End PBXNativeTarget section */

/* Begin PBXProject section */
		AD30179AB18F679D26066274 /* Project object */ = {
			isa = PBXProject;
			attributes = {
				BuildIndependentTargetsInParallel = YES;
				LastUpgradeCheck = 1600;
				TargetAttributes = {
				};
			};
			buildConfigurationList = A3328757661089AFC83B412A /* Build configuration list for PBXProject "Tempo" */;
			developmentRegion = en;
			hasScannedForEncodings = 0;
			knownRegions = (
				Base,
				en,
			);
			mainGroup = 93935E517C8A0946CFCF7B9D;
			minimizedProjectReferenceProxies = 1;
			preferredProjectObjectVersion = 77;
			productRefGroup = 551138FD8DA4B1DC4CE1CC90 /* Products */;
			projectDirPath = "";
			projectRoot = "";
			targets = (
				B4B1ABCA42D941961C207402 /* Tempo */,
			);
		};
/* End PBXProject section */

/* Begin PBXResourcesBuildPhase section */
		99E67F85FA1E5FB50DAA3ABA /* Resources */ = {
			isa = PBXResourcesBuildPhase;
			buildActionMask = 2147483647;
			files = (
				78D431FC734932DC2397F4AB /* Assets.xcassets in Resources */,
			);
			runOnlyForDeploymentPostprocessing = 0;
		};
/* End PBXResourcesBuildPhase section */

/* Begin PBXSourcesBuildPhase section */
		F8BECD3B83F1BDE402E1832A /* Sources */ = {
			isa = PBXSourcesBuildPhase;
			buildActionMask = 2147483647;
			files = (
				8923F7801F2DED72586F94A9 /* AboutView.swift in Sources */,
				95AD493D5AD90E55037A7B41 /* AppCalendar.swift in Sources */,
				5B63DB23A4BD12A0D9CBB010 /* CalendarPickerView.swift in Sources */,
				13E99D75CA1AC62DC4BB4257 /* CarryOverView.swift in Sources */,
				772AC2B2FE92635DEC46E68A /* DragState.swift in Sources */,
				462D5D7295CA9A9303D1BCF7 /* HeaderView.swift in Sources */,
				782C68FA007C802DA5C6E2E8 /* MenuBarLabel.swift in Sources */,
				DAEE893F0621D3AE08D2BCA3 /* MenuContentView.swift in Sources */,
				7BDF3C1515001127EA7BAFEF /* NotificationManager.swift in Sources */,
				CA233CBE7F4455308C89D79B /* StatusBarController.swift in Sources */,
				0B66011609E7165338AE3A05 /* TaskInputView.swift in Sources */,
				37AABBF9930A6E14268624FF /* TaskRowView.swift in Sources */,
				D5B44621312530E860B4D400 /* TaskService.swift in Sources */,
				3CDADF7F0E8CF5D819573198 /* TempoApp.swift in Sources */,
				D36AB93C77028EC525153FF4 /* TimerManager.swift in Sources */,
				A03A14D54316E5C4BA64D49F /* TodoTask.swift in Sources */,
			);
			runOnlyForDeploymentPostprocessing = 0;
		};
/* End PBXSourcesBuildPhase section */

/* Begin XCBuildConfiguration section */
		2F94FC066E934C1EDF0C22F7 /* Release */ = {
			isa = XCBuildConfiguration;
			buildSettings = {
				ASSETCATALOG_COMPILER_APPICON_NAME = AppIcon;
				CODE_SIGN_ENTITLEMENTS = Tempo/Tempo.entitlements;
				COMBINE_HIDPI_IMAGES = YES;
				CURRENT_PROJECT_VERSION = 1;
				GENERATE_INFOPLIST_FILE = YES;
				INFOPLIST_FILE = Tempo/Info.plist;
				INFOPLIST_KEY_LSUIElement = YES;
				LD_RUNPATH_SEARCH_PATHS = (
					"$(inherited)",
					"@executable_path/../Frameworks",
				);
				MACOSX_DEPLOYMENT_TARGET = 14.0;
				MARKETING_VERSION = 1.0.0;
				PRODUCT_BUNDLE_IDENTIFIER = com.daegun.tempo;
				PRODUCT_NAME = Tempo;
				SDKROOT = macosx;
				SWIFT_VERSION = 5.9;
			};
			name = Release;
		};
		316B2AAA913C5EA0FC6B8F89 /* Release */ = {
			isa = XCBuildConfiguration;
			buildSettings = {
				ALWAYS_SEARCH_USER_PATHS = NO;
				CLANG_ANALYZER_NONNULL = YES;
				CLANG_ANALYZER_NUMBER_OBJECT_CONVERSION = YES_AGGRESSIVE;
				CLANG_CXX_LANGUAGE_STANDARD = "gnu++14";
				CLANG_CXX_LIBRARY = "libc++";
				CLANG_ENABLE_MODULES = YES;
				CLANG_ENABLE_OBJC_ARC = YES;
				CLANG_ENABLE_OBJC_WEAK = YES;
				CLANG_WARN_BLOCK_CAPTURE_AUTORELEASING = YES;
				CLANG_WARN_BOOL_CONVERSION = YES;
				CLANG_WARN_COMMA = YES;
				CLANG_WARN_CONSTANT_CONVERSION = YES;
				CLANG_WARN_DEPRECATED_OBJC_IMPLEMENTATIONS = YES;
				CLANG_WARN_DIRECT_OBJC_ISA_USAGE = YES_ERROR;
				CLANG_WARN_DOCUMENTATION_COMMENTS = YES;
				CLANG_WARN_EMPTY_BODY = YES;
				CLANG_WARN_ENUM_CONVERSION = YES;
				CLANG_WARN_INFINITE_RECURSION = YES;
				CLANG_WARN_INT_CONVERSION = YES;
				CLANG_WARN_NON_LITERAL_NULL_CONVERSION = YES;
				CLANG_WARN_OBJC_IMPLICIT_RETAIN_SELF = YES;
				CLANG_WARN_OBJC_LITERAL_CONVERSION = YES;
				CLANG_WARN_OBJC_ROOT_CLASS = YES_ERROR;
				CLANG_WARN_QUOTED_INCLUDE_IN_FRAMEWORK_HEADER = YES;
				CLANG_WARN_RANGE_LOOP_ANALYSIS = YES;
				CLANG_WARN_STRICT_PROTOTYPES = YES;
				CLANG_WARN_SUSPICIOUS_MOVE = YES;
				CLANG_WARN_UNGUARDED_AVAILABILITY = YES_AGGRESSIVE;
				CLANG_WARN_UNREACHABLE_CODE = YES;
				CLANG_WARN__DUPLICATE_METHOD_MATCH = YES;
				COPY_PHASE_STRIP = NO;
				DEBUG_INFORMATION_FORMAT = "dwarf-with-dsym";
				ENABLE_NS_ASSERTIONS = NO;
				ENABLE_STRICT_OBJC_MSGSEND = YES;
				GCC_C_LANGUAGE_STANDARD = gnu11;
				GCC_NO_COMMON_BLOCKS = YES;
				GCC_WARN_64_TO_32_BIT_CONVERSION = YES;
				GCC_WARN_ABOUT_RETURN_TYPE = YES_ERROR;
				GCC_WARN_UNDECLARED_SELECTOR = YES;
				GCC_WARN_UNINITIALIZED_AUTOS = YES_AGGRESSIVE;
				GCC_WARN_UNUSED_FUNCTION = YES;
				GCC_WARN_UNUSED_VARIABLE = YES;
				MACOSX_DEPLOYMENT_TARGET = 14.0;
				MTL_ENABLE_DEBUG_INFO = NO;
				MTL_FAST_MATH = YES;
				PRODUCT_NAME = "$(TARGET_NAME)";
				SDKROOT = macosx;
				SWIFT_COMPILATION_MODE = wholemodule;
				SWIFT_OPTIMIZATION_LEVEL = "-O";
				SWIFT_VERSION = 5.0;
			};
			name = Release;
		};
		A43E8332B4882646B3660D8E /* Debug */ = {
			isa = XCBuildConfiguration;
			buildSettings = {
				ALWAYS_SEARCH_USER_PATHS = NO;
				CLANG_ANALYZER_NONNULL = YES;
				CLANG_ANALYZER_NUMBER_OBJECT_CONVERSION = YES_AGGRESSIVE;
				CLANG_CXX_LANGUAGE_STANDARD = "gnu++14";
				CLANG_CXX_LIBRARY = "libc++";
				CLANG_ENABLE_MODULES = YES;
				CLANG_ENABLE_OBJC_ARC = YES;
				CLANG_ENABLE_OBJC_WEAK = YES;
				CLANG_WARN_BLOCK_CAPTURE_AUTORELEASING = YES;
				CLANG_WARN_BOOL_CONVERSION = YES;
				CLANG_WARN_COMMA = YES;
				CLANG_WARN_CONSTANT_CONVERSION = YES;
				CLANG_WARN_DEPRECATED_OBJC_IMPLEMENTATIONS = YES;
				CLANG_WARN_DIRECT_OBJC_ISA_USAGE = YES_ERROR;
				CLANG_WARN_DOCUMENTATION_COMMENTS = YES;
				CLANG_WARN_EMPTY_BODY = YES;
				CLANG_WARN_ENUM_CONVERSION = YES;
				CLANG_WARN_INFINITE_RECURSION = YES;
				CLANG_WARN_INT_CONVERSION = YES;
				CLANG_WARN_NON_LITERAL_NULL_CONVERSION = YES;
				CLANG_WARN_OBJC_IMPLICIT_RETAIN_SELF = YES;
				CLANG_WARN_OBJC_LITERAL_CONVERSION = YES;
				CLANG_WARN_OBJC_ROOT_CLASS = YES_ERROR;
				CLANG_WARN_QUOTED_INCLUDE_IN_FRAMEWORK_HEADER = YES;
				CLANG_WARN_RANGE_LOOP_ANALYSIS = YES;
				CLANG_WARN_STRICT_PROTOTYPES = YES;
				CLANG_WARN_SUSPICIOUS_MOVE = YES;
				CLANG_WARN_UNGUARDED_AVAILABILITY = YES_AGGRESSIVE;
				CLANG_WARN_UNREACHABLE_CODE = YES;
				CLANG_WARN__DUPLICATE_METHOD_MATCH = YES;
				COPY_PHASE_STRIP = NO;
				DEBUG_INFORMATION_FORMAT = dwarf;
				ENABLE_STRICT_OBJC_MSGSEND = YES;
				ENABLE_TESTABILITY = YES;
				GCC_C_LANGUAGE_STANDARD = gnu11;
				GCC_DYNAMIC_NO_PIC = NO;
				GCC_NO_COMMON_BLOCKS = YES;
				GCC_OPTIMIZATION_LEVEL = 0;
				GCC_PREPROCESSOR_DEFINITIONS = (
					"$(inherited)",
					"DEBUG=1",
				);
				GCC_WARN_64_TO_32_BIT_CONVERSION = YES;
				GCC_WARN_ABOUT_RETURN_TYPE = YES_ERROR;
				GCC_WARN_UNDECLARED_SELECTOR = YES;
				GCC_WARN_UNINITIALIZED_AUTOS = YES_AGGRESSIVE;
				GCC_WARN_UNUSED_FUNCTION = YES;
				GCC_WARN_UNUSED_VARIABLE = YES;
				MACOSX_DEPLOYMENT_TARGET = 14.0;
				MTL_ENABLE_DEBUG_INFO = INCLUDE_SOURCE;
				MTL_FAST_MATH = YES;
				ONLY_ACTIVE_ARCH = YES;
				PRODUCT_NAME = "$(TARGET_NAME)";
				SDKROOT = macosx;
				SWIFT_ACTIVE_COMPILATION_CONDITIONS = DEBUG;
				SWIFT_OPTIMIZATION_LEVEL = "-Onone";
				SWIFT_VERSION = 5.0;
			};
			name = Debug;
		};
		C4BB3300C35869F601FE5EED /* Debug */ = {
			isa = XCBuildConfiguration;
			buildSettings = {
				ASSETCATALOG_COMPILER_APPICON_NAME = AppIcon;
				CODE_SIGN_ENTITLEMENTS = Tempo/Tempo.entitlements;
				COMBINE_HIDPI_IMAGES = YES;
				CURRENT_PROJECT_VERSION = 1;
				GENERATE_INFOPLIST_FILE = YES;
				INFOPLIST_FILE = Tempo/Info.plist;
				INFOPLIST_KEY_LSUIElement = YES;
				LD_RUNPATH_SEARCH_PATHS = (
					"$(inherited)",
					"@executable_path/../Frameworks",
				);
				MACOSX_DEPLOYMENT_TARGET = 14.0;
				MARKETING_VERSION = 1.0.0;
				PRODUCT_BUNDLE_IDENTIFIER = com.daegun.tempo;
				PRODUCT_NAME = Tempo;
				SDKROOT = macosx;
				SWIFT_VERSION = 5.9;
			};
			name = Debug;
		};
/* End XCBuildConfiguration section */

/* Begin XCConfigurationList section */
		4FE7A9862C48352D13895373 /* Build configuration list for PBXNativeTarget "Tempo" */ = {
			isa = XCConfigurationList;
			buildConfigurations = (
				C4BB3300C35869F601FE5EED /* Debug */,
				2F94FC066E934C1EDF0C22F7 /* Release */,
			);
			defaultConfigurationIsVisible = 0;
			defaultConfigurationName = Debug;
		};
		A3328757661089AFC83B412A /* Build configuration list for PBXProject "Tempo" */ = {
			isa = XCConfigurationList;
			buildConfigurations = (
				A43E8332B4882646B3660D8E /* Debug */,
				316B2AAA913C5EA0FC6B8F89 /* Release */,
			);
			defaultConfigurationIsVisible = 0;
			defaultConfigurationName = Debug;
		};
/* End XCConfigurationList section */
	};
	rootObject = AD30179AB18F679D26066274 /* Project object */;
}
